
Microsoft Visual Studio Solution File, Format Version 12.00
# Visual Studio Version 16
VisualStudioVersion = 16.0.29230.47
MinimumVisualStudioVersion = 10.0.40219.1
Project("{FAE04EC0-301F-11D3-BF4B-00C04F79EFBC}") = "Sweepstakes", "Sweepstakes\Sweepstakes.csproj", "{4D9B42BE-7489-4E84-BB55-2101DDD76378}"
EndProject
Global
	GlobalSection(SolutionConfigurationPlatforms) = preSolution
		Debug|Any CPU = Debug|Any CPU
		Release|Any CPU = Release|Any CPU
	EndGlobalSection
	GlobalSection(ProjectConfigurationPlatforms) = postSolution
		{4D9B42BE-7489-4E84-BB55-2101DDD76378}.Debug|Any CPU.ActiveCfg = Debug|Any CPU
		{4D9B42BE-7489-4E84-BB55-2101DDD76378}.Debug|Any CPU.Build.0 = Debug|Any CPU
		{4D9B42BE-7489-4E84-BB55-2101DDD76378}.Release|Any CPU.ActiveCfg = Release|Any CPU
		{4D9B42BE-7489-4E84-BB55-2101DDD76378}.Release|Any CPU.Build.0 = Release|Any CPU
	EndGlobalSection
	GlobalSection(SolutionProperties) = preSolution
		HideSolutionNode = FALSE
	EndGlobalSection
	GlobalSection(ExtensibilityGlobals) = postSolution
		SolutionGuid = {2FFBF000-E1C0-4986-9E6F-B7BEA8951B1A}
	EndGlobalSection
EndGlobal
